
Microsoft Visual Studio Solution File, Format Version 12.00
# Visual Studio 14
VisualStudioVersion = 14.0.25420.1
MinimumVisualStudioVersion = 10.0.40219.1
Project("{8BB2217D-0F2D-49D1-97BC-3654ED321F3B}") = "OfferingSolutions.UoWCore", "OfferingSolutions.UoWCore\OfferingSolutions.UoWCore.xproj", "{6C75B3B8-C310-4E7B-B923-3B14CEEB00DD}"
EndProject
Project("{8BB2217D-0F2D-49D1-97BC-3654ED321F3B}") = "OfferingSolutions.UoWCore.SampleApp", "OfferingSolutions.UoWCore.SampleApp\OfferingSolutions.UoWCore.SampleApp.xproj", "{F36AE8AD-3529-4182-A52C-E496A5AB2CD2}"
EndProject
Global
	GlobalSection(SolutionConfigurationPlatforms) = preSolution
		Debug|Any CPU = Debug|Any CPU
		Release|Any CPU = Release|Any CPU
	EndGlobalSection
	GlobalSection(ProjectConfigurationPlatforms) = postSolution
		{6C75B3B8-C310-4E7B-B923-3B14CEEB00DD}.Debug|Any CPU.ActiveCfg = Debug|Any CPU
		{6C75B3B8-C310-4E7B-B923-3B14CEEB00DD}.Debug|Any CPU.Build.0 = Debug|Any CPU
		{6C75B3B8-C310-4E7B-B923-3B14CEEB00DD}.Release|Any CPU.ActiveCfg = Release|Any CPU
		{6C75B3B8-C310-4E7B-B923-3B14CEEB00DD}.Release|Any CPU.Build.0 = Release|Any CPU
		{F36AE8AD-3529-4182-A52C-E496A5AB2CD2}.Debug|Any CPU.ActiveCfg = Debug|Any CPU
		{F36AE8AD-3529-4182-A52C-E496A5AB2CD2}.Debug|Any CPU.Build.0 = Debug|Any CPU
		{F36AE8AD-3529-4182-A52C-E496A5AB2CD2}.Release|Any CPU.ActiveCfg = Release|Any CPU
		{F36AE8AD-3529-4182-A52C-E496A5AB2CD2}.Release|Any CPU.Build.0 = Release|Any CPU
	EndGlobalSection
	GlobalSection(SolutionProperties) = preSolution
		HideSolutionNode = FALSE
	EndGlobalSection
EndGlobal
